
Microsoft Visual Studio Solution File, Format Version 12.00
# Visual Studio Version 17
VisualStudioVersion = 17.4.33103.184
MinimumVisualStudioVersion = 10.0.40219.1
Project("{9A19103F-16F7-4668-BE54-9A1E7A4F7556}") = "Whetstone.SecurityCamera", "Whetstone.SecurityCamera\Whetstone.SecurityCamera.csproj", "{32121D9F-778F-4FED-9071-52158C6E9CDE}"
EndProject
Project("{9A19103F-16F7-4668-BE54-9A1E7A4F7556}") = "Whetstone.SecurityCamera.AzureImageProcessor", "Whetstone.SecurityCamera.AzureImageProcessor\Whetstone.SecurityCamera.AzureImageProcessor.csproj", "{64F26415-1C72-401A-A993-08684A90BB09}"
EndProject
Project("{9A19103F-16F7-4668-BE54-9A1E7A4F7556}") = "Whetstone.SecurityCamera.OpenCV", "Whetstone.SecurityCamera.OpenCV\Whetstone.SecurityCamera.OpenCV.csproj", "{55F93562-0CD9-4DA6-8F04-DF7CDB5C98E7}"
EndProject
Project("{9A19103F-16F7-4668-BE54-9A1E7A4F7556}") = "Whetstone.SecurityCamera.Service", "Whetstone.SecurityCamera.Service\Whetstone.SecurityCamera.Service.csproj", "{CDFF53DA-9B9A-46FF-B243-CC221A9BF644}"
EndProject
Project("{9A19103F-16F7-4668-BE54-9A1E7A4F7556}") = "Whetstone.SecurityCamera.Test", "Whetstone.SecurityCamera.Test\Whetstone.SecurityCamera.Test.csproj", "{6A7DE58C-5F52-47A1-95C2-2D14D81C87A8}"
EndProject
Project("{9A19103F-16F7-4668-BE54-9A1E7A4F7556}") = "Whetstone.SecurityCamera.Trainer", "Whetstone.SecurityCamera.Trainer\Whetstone.SecurityCamera.Trainer.csproj", "{F55A208A-C902-41E2-BC95-816645B19E97}"
EndProject
Global
	GlobalSection(SolutionConfigurationPlatforms) = preSolution
		Debug|Any CPU = Debug|Any CPU
		Release|Any CPU = Release|Any CPU
	EndGlobalSection
	GlobalSection(ProjectConfigurationPlatforms) = postSolution
		{32121D9F-778F-4FED-9071-52158C6E9CDE}.Debug|Any CPU.ActiveCfg = Debug|Any CPU
		{32121D9F-778F-4FED-9071-52158C6E9CDE}.Debug|Any CPU.Build.0 = Debug|Any CPU
		{32121D9F-778F-4FED-9071-52158C6E9CDE}.Release|Any CPU.ActiveCfg = Release|Any CPU
		{32121D9F-778F-4FED-9071-52158C6E9CDE}.Release|Any CPU.Build.0 = Release|Any CPU
		{64F26415-1C72-401A-A993-08684A90BB09}.Debug|Any CPU.ActiveCfg = Debug|Any CPU
		{64F26415-1C72-401A-A993-08684A90BB09}.Debug|Any CPU.Build.0 = Debug|Any CPU
		{64F26415-1C72-401A-A993-08684A90BB09}.Release|Any CPU.ActiveCfg = Release|Any CPU
		{64F26415-1C72-401A-A993-08684A90BB09}.Release|Any CPU.Build.0 = Release|Any CPU
		{55F93562-0CD9-4DA6-8F04-DF7CDB5C98E7}.Debug|Any CPU.ActiveCfg = Debug|Any CPU
		{55F93562-0CD9-4DA6-8F04-DF7CDB5C98E7}.Debug|Any CPU.Build.0 = Debug|Any CPU
		{55F93562-0CD9-4DA6-8F04-DF7CDB5C98E7}.Release|Any CPU.ActiveCfg = Release|Any CPU
		{55F93562-0CD9-4DA6-8F04-DF7CDB5C98E7}.Release|Any CPU.Build.0 = Release|Any CPU
		{CDFF53DA-9B9A-46FF-B243-CC221A9BF644}.Debug|Any CPU.ActiveCfg = Debug|Any CPU
		{CDFF53DA-9B9A-46FF-B243-CC221A9BF644}.Debug|Any CPU.Build.0 = Debug|Any CPU
		{CDFF53DA-9B9A-46FF-B243-CC221A9BF644}.Release|Any CPU.ActiveCfg = Release|Any CPU
		{CDFF53DA-9B9A-46FF-B243-CC221A9BF644}.Release|Any CPU.Build.0 = Release|Any CPU
		{6A7DE58C-5F52-47A1-95C2-2D14D81C87A8}.Debug|Any CPU.ActiveCfg = Debug|Any CPU
		{6A7DE58C-5F52-47A1-95C2-2D14D81C87A8}.Debug|Any CPU.Build.0 = Debug|Any CPU
		{6A7DE58C-5F52-47A1-95C2-2D14D81C87A8}.Release|Any CPU.ActiveCfg = Release|Any CPU
		{6A7DE58C-5F52-47A1-95C2-2D14D81C87A8}.Release|Any CPU.Build.0 = Release|Any CPU
		{F55A208A-C902-41E2-BC95-816645B19E97}.Debug|Any CPU.ActiveCfg = Debug|Any CPU
		{F55A208A-C902-41E2-BC95-816645B19E97}.Debug|Any CPU.Build.0 = Debug|Any CPU
		{F55A208A-C902-41E2-BC95-816645B19E97}.Release|Any CPU.ActiveCfg = Release|Any CPU
		{F55A208A-C902-41E2-BC95-816645B19E97}.Release|Any CPU.Build.0 = Release|Any CPU
	EndGlobalSection
	GlobalSection(SolutionProperties) = preSolution
		HideSolutionNode = FALSE
	EndGlobalSection
	GlobalSection(ExtensibilityGlobals) = postSolution
		SolutionGuid = {8B4FBC4D-74A9-47B6-947E-F55986DC0B93}
	EndGlobalSection
EndGlobal
